
Microsoft Visual Studio Solution File, Format Version 12.00
# Visual Studio Version 17
VisualStudioVersion = 17.5.33530.505
MinimumVisualStudioVersion = 10.0.40219.1
Project("{FAE04EC0-301F-11D3-BF4B-00C04F79EFBC}") = "Xandevelop.SideFileIO", "Xandevelop.SideFileIO.csproj", "{D0E814D3-2BA2-490D-86A1-967318393413}"
EndProject
Global
	GlobalSection(SolutionConfigurationPlatforms) = preSolution
		Debug|Any CPU = Debug|Any CPU
		Release|Any CPU = Release|Any CPU
	EndGlobalSection
	GlobalSection(ProjectConfigurationPlatforms) = postSolution
		{D0E814D3-2BA2-490D-86A1-967318393413}.Debug|Any CPU.ActiveCfg = Debug|Any CPU
		{D0E814D3-2BA2-490D-86A1-967318393413}.Debug|Any CPU.Build.0 = Debug|Any CPU
		{D0E814D3-2BA2-490D-86A1-967318393413}.Release|Any CPU.ActiveCfg = Release|Any CPU
		{D0E814D3-2BA2-490D-86A1-967318393413}.Release|Any CPU.Build.0 = Release|Any CPU
	EndGlobalSection
	GlobalSection(SolutionProperties) = preSolution
		HideSolutionNode = FALSE
	EndGlobalSection
	GlobalSection(ExtensibilityGlobals) = postSolution
		SolutionGuid = {CBEF9A07-544E-495C-8300-8A72E425B32C}
	EndGlobalSection
EndGlobal
